
Microsoft Visual Studio Solution File, Format Version 12.00
# Visual Studio Version 17
VisualStudioVersion = 17.1.32319.34
MinimumVisualStudioVersion = 10.0.40219.1
Project("{FAE04EC0-301F-11D3-BF4B-00C04F79EFBC}") = "PLL", "PLL.csproj", "{26D33D8B-95B5-4BC8-9301-2D2CADD33FEB}"
EndProject
Project("{FAE04EC0-301F-11D3-BF4B-00C04F79EFBC}") = "BLL", "..\BLL\BLL.csproj", "{32DF29F1-8D09-4929-A58B-BB4B1A40AC7E}"
EndProject
Project("{FAE04EC0-301F-11D3-BF4B-00C04F79EFBC}") = "DAL", "..\DAL\DAL.csproj", "{446B0560-BC15-4D74-98B0-D1F5997E2F5A}"
EndProject
Global
	GlobalSection(SolutionConfigurationPlatforms) = preSolution
		Debug|Any CPU = Debug|Any CPU
		Release|Any CPU = Release|Any CPU
	EndGlobalSection
	GlobalSection(ProjectConfigurationPlatforms) = postSolution
		{26D33D8B-95B5-4BC8-9301-2D2CADD33FEB}.Debug|Any CPU.ActiveCfg = Debug|Any CPU
		{26D33D8B-95B5-4BC8-9301-2D2CADD33FEB}.Debug|Any CPU.Build.0 = Debug|Any CPU
		{26D33D8B-95B5-4BC8-9301-2D2CADD33FEB}.Release|Any CPU.ActiveCfg = Release|Any CPU
		{26D33D8B-95B5-4BC8-9301-2D2CADD33FEB}.Release|Any CPU.Build.0 = Release|Any CPU
		{32DF29F1-8D09-4929-A58B-BB4B1A40AC7E}.Debug|Any CPU.ActiveCfg = Debug|Any CPU
		{32DF29F1-8D09-4929-A58B-BB4B1A40AC7E}.Debug|Any CPU.Build.0 = Debug|Any CPU
		{32DF29F1-8D09-4929-A58B-BB4B1A40AC7E}.Release|Any CPU.ActiveCfg = Release|Any CPU
		{32DF29F1-8D09-4929-A58B-BB4B1A40AC7E}.Release|Any CPU.Build.0 = Release|Any CPU
		{446B0560-BC15-4D74-98B0-D1F5997E2F5A}.Debug|Any CPU.ActiveCfg = Debug|Any CPU
		{446B0560-BC15-4D74-98B0-D1F5997E2F5A}.Debug|Any CPU.Build.0 = Debug|Any CPU
		{446B0560-BC15-4D74-98B0-D1F5997E2F5A}.Release|Any CPU.ActiveCfg = Release|Any CPU
		{446B0560-BC15-4D74-98B0-D1F5997E2F5A}.Release|Any CPU.Build.0 = Release|Any CPU
	EndGlobalSection
	GlobalSection(SolutionProperties) = preSolution
		HideSolutionNode = FALSE
	EndGlobalSection
	GlobalSection(ExtensibilityGlobals) = postSolution
		SolutionGuid = {53AD0E90-36E4-41A2-8FA8-88D7F53F630E}
	EndGlobalSection
EndGlobal
